
Microsoft Visual Studio Solution File, Format Version 12.00
# Visual Studio Version 16
VisualStudioVersion = 16.0.29519.87
MinimumVisualStudioVersion = 10.0.40219.1
Project("{FAE04EC0-301F-11D3-BF4B-00C04F79EFBC}") = "WeatherApiInterface", "WeatherApiInterface\WeatherApiInterface.csproj", "{C7ADD9E5-B864-4319-AD3F-2C2ADF97605B}"
EndProject
Global
	GlobalSection(SolutionConfigurationPlatforms) = preSolution
		Debug|Any CPU = Debug|Any CPU
		Release|Any CPU = Release|Any CPU
	EndGlobalSection
	GlobalSection(ProjectConfigurationPlatforms) = postSolution
		{C7ADD9E5-B864-4319-AD3F-2C2ADF97605B}.Debug|Any CPU.ActiveCfg = Debug|Any CPU
		{C7ADD9E5-B864-4319-AD3F-2C2ADF97605B}.Debug|Any CPU.Build.0 = Debug|Any CPU
		{C7ADD9E5-B864-4319-AD3F-2C2ADF97605B}.Release|Any CPU.ActiveCfg = Release|Any CPU
		{C7ADD9E5-B864-4319-AD3F-2C2ADF97605B}.Release|Any CPU.Build.0 = Release|Any CPU
	EndGlobalSection
	GlobalSection(SolutionProperties) = preSolution
		HideSolutionNode = FALSE
	EndGlobalSection
	GlobalSection(ExtensibilityGlobals) = postSolution
		SolutionGuid = {38ED2EE0-4F77-4444-95AD-AA35FDB704B1}
	EndGlobalSection
EndGlobal
